<?xml version="1.0" encoding="utf-8"?>
<Project ToolsVersion="4.0" xmlns="http://schemas.microsoft.com/developer/msbuild/2003">
  <ItemGroup>
    <Filter Include="Source Dateien">
      <UniqueIdentifier>{4FC737F1-C7A5-4376-A066-2A32D752A2FF}</UniqueIdentifier>
      <Extensions>cpp;cxx;c;def</Extensions>
      <ParseFiles>true</ParseFiles>
    </Filter>
    <Filter Include="Generierte Dateien">
      <UniqueIdentifier>{71ED8ED8-ACB9-4CE9-BBE1-E00B30144E11}</UniqueIdentifier>
      <Extensions>moc;h;cpp</Extensions>
      <ParseFiles>true</ParseFiles>
    </Filter>
    <Filter Include="Generierte Dateien\Debug">
      <UniqueIdentifier>{6f2f86a1-61d7-4640-b17d-367e37e3ca3d}</UniqueIdentifier>
      <Extensions>cpp;moc</Extensions>
      <SourceControlFiles>False</SourceControlFiles>
    </Filter>
    <Filter Include="Generierte Dateien\Release">
      <UniqueIdentifier>{69e1caad-7b59-407a-9b7d-8e5781262ad6}</UniqueIdentifier>
      <Extensions>cpp;moc</Extensions>
      <SourceControlFiles>False</SourceControlFiles>
    </Filter>
    <Filter Include="Ressourcen">
      <UniqueIdentifier>{f4a019a3-5254-401d-9490-31c4d15a6b6d}</UniqueIdentifier>
    </Filter>
    <Filter Include="Source Dateien\QtSingleApplication">
      <UniqueIdentifier>{f76e5235-fd14-47a8-80e3-0dff98aab759}</UniqueIdentifier>
    </Filter>
  </ItemGroup>
  <ItemGroup>
    <ClCompile Include="main.cpp">
      <Filter>Source Dateien</Filter>
    </ClCompile>
    <ClCompile Include="qrrmainwin.cpp">
      <Filter>Source Dateien</Filter>
    </ClCompile>
    <ClCompile Include="GeneratedFiles\Debug\moc_qrrmainwin.cpp">
      <Filter>Generierte Dateien\Debug</Filter>
    </ClCompile>
    <ClCompile Include="GeneratedFiles\Release\moc_qrrmainwin.cpp">
      <Filter>Generierte Dateien\Release</Filter>
    </ClCompile>
    <ClCompile Include="GeneratedFiles\qrc_qrrmainwin.cpp">
      <Filter>Generierte Dateien</Filter>
    </ClCompile>
    <ClCompile Include="QtSingleApplication\qtlocalpeer.cpp">
      <Filter>Source Dateien\QtSingleApplication</Filter>
    </ClCompile>
    <ClCompile Include="GeneratedFiles\Debug\moc_qtlocalpeer.cpp">
      <Filter>Generierte Dateien\Debug</Filter>
    </ClCompile>
    <ClCompile Include="GeneratedFiles\Release\moc_qtlocalpeer.cpp">
      <Filter>Generierte Dateien\Release</Filter>
    </ClCompile>
    <ClCompile Include="QtSingleApplication\qtlockedfile.cpp">
      <Filter>Source Dateien\QtSingleApplication</Filter>
    </ClCompile>
    <ClCompile Include="QtSingleApplication\qtlockedfile_unix.cpp">
      <Filter>Source Dateien\QtSingleApplication</Filter>
    </ClCompile>
    <ClCompile Include="QtSingleApplication\qtlockedfile_win.cpp">
      <Filter>Source Dateien\QtSingleApplication</Filter>
    </ClCompile>
    <ClCompile Include="QtSingleApplication\qtsingleapplication.cpp">
      <Filter>Source Dateien\QtSingleApplication</Filter>
    </ClCompile>
    <ClCompile Include="GeneratedFiles\Debug\moc_qtsingleapplication.cpp">
      <Filter>Generierte Dateien\Debug</Filter>
    </ClCompile>
    <ClCompile Include="GeneratedFiles\Release\moc_qtsingleapplication.cpp">
      <Filter>Generierte Dateien\Release</Filter>
    </ClCompile>
    <ClCompile Include="QtSingleApplication\qtsinglecoreapplication.cpp">
      <Filter>Source Dateien\QtSingleApplication</Filter>
    </ClCompile>
    <ClCompile Include="GeneratedFiles\Debug\moc_qtsinglecoreapplication.cpp">
      <Filter>Generierte Dateien\Debug</Filter>
    </ClCompile>
    <ClCompile Include="GeneratedFiles\Release\moc_qtsinglecoreapplication.cpp">
      <Filter>Generierte Dateien\Release</Filter>
    </ClCompile>
  </ItemGroup>
  <ItemGroup>
    <CustomBuild Include="qrrmainwin.h">
      <Filter>Source Dateien</Filter>
    </CustomBuild>
    <CustomBuild Include="qrrmainwin.ui">
      <Filter>Source Dateien</Filter>
    </CustomBuild>
    <CustomBuild Include="qrrmainwin.qrc">
      <Filter>Ressourcen</Filter>
    </CustomBuild>
    <CustomBuild Include="QtSingleApplication\qtlocalpeer.h">
      <Filter>Source Dateien\QtSingleApplication</Filter>
    </CustomBuild>
    <CustomBuild Include="QtSingleApplication\qtsingleapplication.h">
      <Filter>Source Dateien\QtSingleApplication</Filter>
    </CustomBuild>
    <CustomBuild Include="QtSingleApplication\qtsinglecoreapplication.h">
      <Filter>Source Dateien\QtSingleApplication</Filter>
    </CustomBuild>
  </ItemGroup>
  <ItemGroup>
    <ClInclude Include="GeneratedFiles\ui_qrrmainwin.h">
      <Filter>Generierte Dateien</Filter>
    </ClInclude>
    <ClInclude Include="QtSingleApplication\qtlockedfile.h">
      <Filter>Source Dateien\QtSingleApplication</Filter>
    </ClInclude>
  </ItemGroup>
</Project>